# THIS IS AN AUTOGENERATED FILE. DO NOT EDIT THIS FILE DIRECTLY.
# yarn lockfile v1


boolbase@^1.0.0:
  version "1.0.0"
  resolved "https://registry.yarnpkg.com/boolbase/-/boolbase-1.0.0.tgz#68dff5fbe60c51eb37725ea9e3ed310dcc1e776e"

cheerio-select@^1.3.0:
  version "1.4.0"
  resolved "https://registry.yarnpkg.com/cheerio-select/-/cheerio-select-1.4.0.tgz#3a16f21e37a2ef0f211d6d1aa4eff054bb22cdc9"
  dependencies:
    css-select "^4.1.2"
    css-what "^5.0.0"
    domelementtype "^2.2.0"
    domhandler "^4.2.0"
    domutils "^2.6.0"

cheerio@^1.0.0-rc.6:
  version "1.0.0-rc.6"
  resolved "https://registry.yarnpkg.com/cheerio/-/cheerio-1.0.0-rc.6.tgz#a5ae81ab483aeefa1280c325543c601145506240"
  dependencies:
    cheerio-select "^1.3.0"
    dom-serializer "^1.3.1"
    domhandler "^4.1.0"
    htmlparser2 "^6.1.0"
    parse5 "^6.0.1"
    parse5-htmlparser2-tree-adapter "^6.0.1"

css-select@^4.1.2:
  version "4.1.2"
  resolved "https://registry.yarnpkg.com/css-select/-/css-select-4.1.2.tgz#8b52b6714ed3a80d8221ec971c543f3b12653286"
  dependencies:
    boolbase "^1.0.0"
    css-what "^5.0.0"
    domhandler "^4.2.0"
    domutils "^2.6.0"
    nth-check "^2.0.0"

css-what@^5.0.0:
  version "5.0.0"
  resolved "https://registry.yarnpkg.com/css-what/-/css-what-5.0.0.tgz#f0bf4f8bac07582722346ab243f6a35b512cfc47"

dom-serializer@^1.0.1, dom-serializer@^1.3.1:
  version "1.3.1"
  resolved "https://registry.yarnpkg.com/dom-serializer/-/dom-serializer-1.3.1.tgz#d845a1565d7c041a95e5dab62184ab41e3a519be"
  dependencies:
    domelementtype "^2.0.1"
    domhandler "^4.0.0"
    entities "^2.0.0"

domelementtype@^2.0.1, domelementtype@^2.2.0:
  version "2.2.0"
  resolved "https://registry.yarnpkg.com/domelementtype/-/domelementtype-2.2.0.tgz#9a0b6c2782ed6a1c7323d42267183df9bd8b1d57"

domhandler@^4.0.0, domhandler@^4.1.0, domhandler@^4.2.0:
  version "4.2.0"
  resolved "https://registry.yarnpkg.com/domhandler/-/domhandler-4.2.0.tgz#f9768a5f034be60a89a27c2e4d0f74eba0d8b059"
  dependencies:
    domelementtype "^2.2.0"

domutils@^2.5.2, domutils@^2.6.0:
  version "2.6.0"
  resolved "https://registry.yarnpkg.com/domutils/-/domutils-2.6.0.tgz#2e15c04185d43fb16ae7057cb76433c6edb938b7"
  dependencies:
    dom-serializer "^1.0.1"
    domelementtype "^2.2.0"
    domhandler "^4.2.0"

entities@^2.0.0:
  version "2.2.0"
  resolved "https://registry.yarnpkg.com/entities/-/entities-2.2.0.tgz#098dc90ebb83d8dffa089d55256b351d34c4da55"

htmlparser2@^6.1.0:
  version "6.1.0"
  resolved "https://registry.yarnpkg.com/htmlparser2/-/htmlparser2-6.1.0.tgz#c4d762b6c3371a05dbe65e94ae43a9f845fb8fb7"
  dependencies:
    domelementtype "^2.0.1"
    domhandler "^4.0.0"
    domutils "^2.5.2"
    entities "^2.0.0"

node-fetch@^2.6.1:
  version "2.6.1"
  resolved "https://registry.yarnpkg.com/node-fetch/-/node-fetch-2.6.1.tgz#045bd323631f76ed2e2b55573394416b639a0052"

nth-check@^2.0.0:
  version "2.0.0"
  resolved "https://registry.yarnpkg.com/nth-check/-/nth-check-2.0.0.tgz#1bb4f6dac70072fc313e8c9cd1417b5074c0a125"
  dependencies:
    boolbase "^1.0.0"

parse5-htmlparser2-tree-adapter@^6.0.1:
  version "6.0.1"
  resolved "https://registry.yarnpkg.com/parse5-htmlparser2-tree-adapter/-/parse5-htmlparser2-tree-adapter-6.0.1.tgz#2cdf9ad823321140370d4dbf5d3e92c7c8ddc6e6"
  dependencies:
    parse5 "^6.0.1"

parse5@^6.0.1:
  version "6.0.1"
  resolved "https://registry.yarnpkg.com/parse5/-/parse5-6.0.1.tgz#e1a1c085c569b3dc08321184f19a39cc27f7c30b"
